
Microsoft Visual Studio Solution File, Format Version 12.00
Project("{FAE04EC0-301F-11D3-BF4B-00C04F79EFBC}") = "Lib", "Lib\Lib.csproj", "{3323DE0E-935D-49EE-BC3B-B1478A2B4347}"
EndProject
Project("{FAE04EC0-301F-11D3-BF4B-00C04F79EFBC}") = "Example", "Example\Example.csproj", "{E521390A-453A-4D91-B3CC-813C030A5925}"
EndProject
Global
	GlobalSection(SolutionConfigurationPlatforms) = preSolution
		Debug|Any CPU = Debug|Any CPU
		Release|Any CPU = Release|Any CPU
	EndGlobalSection
	GlobalSection(ProjectConfigurationPlatforms) = postSolution
		{3323DE0E-935D-49EE-BC3B-B1478A2B4347}.Debug|Any CPU.ActiveCfg = Debug|Any CPU
		{3323DE0E-935D-49EE-BC3B-B1478A2B4347}.Debug|Any CPU.Build.0 = Debug|Any CPU
		{3323DE0E-935D-49EE-BC3B-B1478A2B4347}.Release|Any CPU.ActiveCfg = Release|Any CPU
		{3323DE0E-935D-49EE-BC3B-B1478A2B4347}.Release|Any CPU.Build.0 = Release|Any CPU
		{E521390A-453A-4D91-B3CC-813C030A5925}.Debug|Any CPU.ActiveCfg = Debug|Any CPU
		{E521390A-453A-4D91-B3CC-813C030A5925}.Debug|Any CPU.Build.0 = Debug|Any CPU
		{E521390A-453A-4D91-B3CC-813C030A5925}.Release|Any CPU.ActiveCfg = Release|Any CPU
		{E521390A-453A-4D91-B3CC-813C030A5925}.Release|Any CPU.Build.0 = Release|Any CPU
	EndGlobalSection
EndGlobal
